Microsoft Visual Studio Solution File, Format Version 12.00
# Visual Studio Version 16
VisualStudioVersion = 16.0.29503.13
MinimumVisualStudioVersion = 10.0.40219.1
Project("{9A19103F-16F7-4668-BE54-9A1E7A4F7556}") = "KassenProgram", "KassenProgram2\KassenProgram.csproj", "{69A56D46-E673-42EA-8840-A060C4195CDC}"
EndProject
Project("{FAE04EC0-301F-11D3-BF4B-00C04F79EFBC}") = "KassenProgram3", "KassenProgram3\KassenProgram3.csproj", "{7BC12B72-D058-4BBB-AC05-F5815B08F764}"
EndProject
Global
	GlobalSection(SolutionConfigurationPlatforms) = preSolution
		Debug|Any CPU = Debug|Any CPU
		Release|Any CPU = Release|Any CPU
	EndGlobalSection
	GlobalSection(ProjectConfigurationPlatforms) = postSolution
		{69A56D46-E673-42EA-8840-A060C4195CDC}.Debug|Any CPU.ActiveCfg = Debug|Any CPU
		{69A56D46-E673-42EA-8840-A060C4195CDC}.Debug|Any CPU.Build.0 = Debug|Any CPU
		{69A56D46-E673-42EA-8840-A060C4195CDC}.Release|Any CPU.ActiveCfg = Release|Any CPU
		{69A56D46-E673-42EA-8840-A060C4195CDC}.Release|Any CPU.Build.0 = Release|Any CPU
		{7BC12B72-D058-4BBB-AC05-F5815B08F764}.Debug|Any CPU.ActiveCfg = Debug|Any CPU
		{7BC12B72-D058-4BBB-AC05-F5815B08F764}.Debug|Any CPU.Build.0 = Debug|Any CPU
		{7BC12B72-D058-4BBB-AC05-F5815B08F764}.Release|Any CPU.ActiveCfg = Release|Any CPU
		{7BC12B72-D058-4BBB-AC05-F5815B08F764}.Release|Any CPU.Build.0 = Release|Any CPU
	EndGlobalSection
	GlobalSection(SolutionProperties) = preSolution
		HideSolutionNode = FALSE
	EndGlobalSection
	GlobalSection(ExtensibilityGlobals) = postSolution
		SolutionGuid = {CE20BAC5-845E-4A65-B79F-C3DD2AF0F75A}
	EndGlobalSection
EndGlobal
